
Microsoft Visual Studio Solution File, Format Version 12.00
# Visual Studio 14
VisualStudioVersion = 14.0.25420.1
MinimumVisualStudioVersion = 10.0.40219.1
Project("{2150E333-8FDC-42A3-9474-1A3956D46DE8}") = "src", "src", "{12024D75-5519-4BA7-B45E-177D0E17CB1E}"
EndProject
Project("{2150E333-8FDC-42A3-9474-1A3956D46DE8}") = "Solution Items", "Solution Items", "{392283F2-29C4-48CB-9953-FF7D0E5FAEA1}"
	ProjectSection(SolutionItems) = preProject
		global.json = global.json
	EndProjectSection
EndProject
Project("{8BB2217D-0F2D-49D1-97BC-3654ED321F3B}") = "RSA.GeoRisk.React.Admin", "src\RSA.GeoRisk.React.Admin\RSA.GeoRisk.React.Admin.xproj", "{10EBCD2E-EBF9-4DB8-B9A7-A514D3004065}"
EndProject
Global
	GlobalSection(SolutionConfigurationPlatforms) = preSolution
		Debug|Any CPU = Debug|Any CPU
		Release|Any CPU = Release|Any CPU
	EndGlobalSection
	GlobalSection(ProjectConfigurationPlatforms) = postSolution
		{10EBCD2E-EBF9-4DB8-B9A7-A514D3004065}.Debug|Any CPU.ActiveCfg = Debug|Any CPU
		{10EBCD2E-EBF9-4DB8-B9A7-A514D3004065}.Debug|Any CPU.Build.0 = Debug|Any CPU
		{10EBCD2E-EBF9-4DB8-B9A7-A514D3004065}.Release|Any CPU.ActiveCfg = Release|Any CPU
		{10EBCD2E-EBF9-4DB8-B9A7-A514D3004065}.Release|Any CPU.Build.0 = Release|Any CPU
	EndGlobalSection
	GlobalSection(SolutionProperties) = preSolution
		HideSolutionNode = FALSE
	EndGlobalSection
	GlobalSection(NestedProjects) = preSolution
		{10EBCD2E-EBF9-4DB8-B9A7-A514D3004065} = {12024D75-5519-4BA7-B45E-177D0E17CB1E}
	EndGlobalSection
EndGlobal
